        "@ai-sdk/openai": "^1.3.22",
        "@supabase/mcp-server-supabase": "^0.4.3",
        "openai": "^5.5.0",
    "node_modules/@ai-sdk/openai": {
      "version": "1.3.22",
      "resolved": "https://registry.npmjs.org/@ai-sdk/openai/-/openai-1.3.22.tgz",
      "integrity": "sha512-QwA+2EkG0QyjVR+7h6FE7iOu2ivNqAVMm9UJZkVxxTk5OIq5fFJDTEI/zICEMuHImTTXR2JjsL6EirJ28Jc4cw==",
    "node_modules/@ai-sdk/openai/node_modules/@ai-sdk/provider-utils": {
    "node_modules/@deno/eszip": {
      "version": "0.84.0",
      "resolved": "https://registry.npmjs.org/@deno/eszip/-/eszip-0.84.0.tgz",
      "integrity": "sha512-kfTiJ3jYWy57gV/jjd2McRZdfn2dXHxR3UKL6HQksLAMEmRILHo+pZmN1PAjj8UxQiTBQbybsNHGLaqgHeVntQ==",
      "license": "MIT",
      "dependencies": {
        "@deno/shim-deno": "~0.18.0",
        "undici": "^6.0.0"
      }
    },
    "node_modules/@deno/eszip/node_modules/@deno/shim-deno": {
      "version": "0.18.2",
      "resolved": "https://registry.npmjs.org/@deno/shim-deno/-/shim-deno-0.18.2.tgz",
      "integrity": "sha512-oQ0CVmOio63wlhwQF75zA4ioolPvOwAoK0yuzcS5bDC1JUvH3y1GS8xPh8EOpcoDQRU4FTG8OQfxhpR+c6DrzA==",
      "license": "MIT",
      "dependencies": {
        "@deno/shim-deno-test": "^0.5.0",
        "which": "^4.0.0"
      }
    },
    "node_modules/@deno/eszip/node_modules/isexe": {
      "version": "3.1.1",
      "resolved": "https://registry.npmjs.org/isexe/-/isexe-3.1.1.tgz",
      "integrity": "sha512-LpB/54B+/2J5hqQ7imZHfdU31OlgQqx7ZicVlkm9kzg9/w8GKLEcFfJl/t7DCEDueOyBAD6zCCwTO6Fzs0NoEQ==",
      "license": "ISC",
      "engines": {
        "node": ">=16"
      }
    },
    "node_modules/@deno/eszip/node_modules/which": {
      "version": "4.0.0",
      "resolved": "https://registry.npmjs.org/which/-/which-4.0.0.tgz",
      "integrity": "sha512-GlaYyEb07DPxYCKhKzplCWBJtvxZcZMrL+4UkrTSJHHPyZU4mYYTv3qaOe77H7EODLSSopAUFAc6W8U4yqvscg==",
      "license": "ISC",
      "dependencies": {
        "isexe": "^3.1.1"
      },
      "bin": {
        "node-which": "bin/which.js"
      },
      "engines": {
        "node": "^16.13.0 || >=18.0.0"
      }
    },
    "node_modules/@supabase/mcp-server-supabase": {
      "version": "0.4.3",
      "resolved": "https://registry.npmjs.org/@supabase/mcp-server-supabase/-/mcp-server-supabase-0.4.3.tgz",
      "integrity": "sha512-RwHo5U1AFcMg5O+FHoMZ8vXC8o/cJgh5GPeG1jVqJRFPc3aNIxGwv9k2X2q3MkDyqfX2A0xlhn1tMol4TzYTrQ==",
      "license": "Apache-2.0",
      "dependencies": {
        "@deno/eszip": "^0.84.0",
        "@modelcontextprotocol/sdk": "^1.11.0",
        "@supabase/mcp-utils": "0.2.1",
        "common-tags": "^1.8.2",
        "graphql": "^16.11.0",
        "openapi-fetch": "^0.13.5",
        "zod": "^3.24.1"
      },
      "bin": {
        "mcp-server-supabase": "dist/transports/stdio.js"
      }
    },
    "node_modules/@supabase/mcp-utils": {
      "version": "0.2.1",
      "resolved": "https://registry.npmjs.org/@supabase/mcp-utils/-/mcp-utils-0.2.1.tgz",
      "integrity": "sha512-T3LEAEKXOxHGVzhPvxqbAYbxluUKNxQpFnYVyRIazQJOQzZ03tCg+pp3LUYQi0HkWPIo+u+AgtULJVEvgeNr/Q==",
      "license": "Apache-2.0",
      "dependencies": {
        "@modelcontextprotocol/sdk": "^1.11.0",
        "zod": "^3.24.1",
        "zod-to-json-schema": "^3.24.1"
      }
    },
    "node_modules/common-tags": {
      "version": "1.8.2",
      "resolved": "https://registry.npmjs.org/common-tags/-/common-tags-1.8.2.tgz",
      "integrity": "sha512-gk/Z852D2Wtb//0I+kRFNKKE9dIIVirjoqPoA1wJU+XePVXZfGeBpk45+A1rKO4Q43prqWBNY/MiIeRLbPWUaA==",
      "license": "MIT",
      "engines": {
        "node": ">=4.0.0"
      }
    },
    "node_modules/freestyle-sandboxes/node_modules/@types/node": {
      "version": "18.19.112",
      "resolved": "https://registry.npmjs.org/@types/node/-/node-18.19.112.tgz",
      "integrity": "sha512-i+Vukt9POdS/MBI7YrrkkI5fMfwFtOjphSmt4WXYLfwqsfr6z/HdCx7LqT9M7JktGob8WNgj8nFB4TbGNE4Cog==",
      "license": "MIT",
      "dependencies": {
        "undici-types": "~5.26.4"
      }
    },
    "node_modules/freestyle-sandboxes/node_modules/openai": {
      "version": "4.104.0",
      "resolved": "https://registry.npmjs.org/openai/-/openai-4.104.0.tgz",
      "integrity": "sha512-p99EFNsA/yX6UhVO93f5kJsDRLAg+CTA2RBqdHK4RtK8u5IJw32Hyb2dTGKbnnFmnuoBv5r7Z2CURI9sGZpSuA==",
      "license": "Apache-2.0",
      "dependencies": {
        "@types/node": "^18.11.18",
        "@types/node-fetch": "^2.6.4",
        "abort-controller": "^3.0.0",
        "agentkeepalive": "^4.2.1",
        "form-data-encoder": "1.7.2",
        "formdata-node": "^4.3.2",
        "node-fetch": "^2.6.7"
      },
      "bin": {
        "openai": "bin/cli"
      },
      "peerDependencies": {
        "ws": "^8.18.0",
        "zod": "^3.23.8"
      },
      "peerDependenciesMeta": {
        "ws": {
          "optional": true
        },
        "zod": {
          "optional": true
        }
      }
    },
    "node_modules/freestyle-sandboxes/node_modules/undici-types": {
      "version": "5.26.5",
      "resolved": "https://registry.npmjs.org/undici-types/-/undici-types-5.26.5.tgz",
      "integrity": "sha512-JlCMO+ehdEIKqlFxk6IfVoAUVmgz7cU7zD/h9XZ0qzeosSHmUJVOzSQvvYSYWXkFXC+IfLKSIffhv0sVZup6pA==",
      "license": "MIT"
    },
    "node_modules/freestyle-sh/node_modules/@types/node": {
      "version": "18.19.112",
      "resolved": "https://registry.npmjs.org/@types/node/-/node-18.19.112.tgz",
      "integrity": "sha512-i+Vukt9POdS/MBI7YrrkkI5fMfwFtOjphSmt4WXYLfwqsfr6z/HdCx7LqT9M7JktGob8WNgj8nFB4TbGNE4Cog==",
      "dev": true,
      "license": "MIT",
      "dependencies": {
        "undici-types": "~5.26.4"
      }
    },
    "node_modules/freestyle-sh/node_modules/openai": {
      "version": "4.104.0",
      "resolved": "https://registry.npmjs.org/openai/-/openai-4.104.0.tgz",
      "integrity": "sha512-p99EFNsA/yX6UhVO93f5kJsDRLAg+CTA2RBqdHK4RtK8u5IJw32Hyb2dTGKbnnFmnuoBv5r7Z2CURI9sGZpSuA==",
      "dev": true,
      "license": "Apache-2.0",
      "dependencies": {
        "@types/node": "^18.11.18",
        "@types/node-fetch": "^2.6.4",
        "abort-controller": "^3.0.0",
        "agentkeepalive": "^4.2.1",
        "form-data-encoder": "1.7.2",
        "formdata-node": "^4.3.2",
        "node-fetch": "^2.6.7"
      },
      "bin": {
        "openai": "bin/cli"
      },
      "peerDependencies": {
        "ws": "^8.18.0",
        "zod": "^3.23.8"
      },
      "peerDependenciesMeta": {
        "ws": {
          "optional": true
        },
        "zod": {
          "optional": true
        }
      }
    },
    "node_modules/freestyle-sh/node_modules/undici-types": {
      "version": "5.26.5",
      "resolved": "https://registry.npmjs.org/undici-types/-/undici-types-5.26.5.tgz",
      "integrity": "sha512-JlCMO+ehdEIKqlFxk6IfVoAUVmgz7cU7zD/h9XZ0qzeosSHmUJVOzSQvvYSYWXkFXC+IfLKSIffhv0sVZup6pA==",
      "dev": true,
      "license": "MIT"
    },
    "node_modules/graphql": {
      "version": "16.11.0",
      "resolved": "https://registry.npmjs.org/graphql/-/graphql-16.11.0.tgz",
      "integrity": "sha512-mS1lbMsxgQj6hge1XZ6p7GPhbrtFwUFYi3wRzXAC/FmYnyXMTvvI3td3rjmQ2u8ewXueaSvRPWaEcgVVOT9Jnw==",
      "license": "MIT",
      "engines": {
        "node": "^12.22.0 || ^14.16.0 || ^16.0.0 || >=17.0.0"
      }
    },
      "version": "5.5.0",
      "resolved": "https://registry.npmjs.org/openai/-/openai-5.5.0.tgz",
      "integrity": "sha512-j6y9a/VyEWTqm8mS2FT6Qboz6aTgwlRIpKlgP0cTmvkaKYEfnginPsiEAzqtk0O/fQBXTyNS3v0wRc2QmkGePw==",
